
Microsoft Visual Studio Solution File, Format Version 12.00
# Visual Studio Version 17
VisualStudioVersion = 17.0.32014.148
MinimumVisualStudioVersion = 10.0.40219.1
Project("{9A19103F-16F7-4668-BE54-9A1E7A4F7556}") = "Petabridge.Templates", "Petabridge.Templates.csproj", "{12E2C7E0-9398-46D9-8604-DC1620120AFF}"
EndProject
Global
	GlobalSection(SolutionConfigurationPlatforms) = preSolution
		Debug|Any CPU = Debug|Any CPU
		Release|Any CPU = Release|Any CPU
	EndGlobalSection
	GlobalSection(ProjectConfigurationPlatforms) = postSolution
		{12E2C7E0-9398-46D9-8604-DC1620120AFF}.Debug|Any CPU.ActiveCfg = Debug|Any CPU
		{12E2C7E0-9398-46D9-8604-DC1620120AFF}.Debug|Any CPU.Build.0 = Debug|Any CPU
		{12E2C7E0-9398-46D9-8604-DC1620120AFF}.Release|Any CPU.ActiveCfg = Release|Any CPU
		{12E2C7E0-9398-46D9-8604-DC1620120AFF}.Release|Any CPU.Build.0 = Release|Any CPU
	EndGlobalSection
	GlobalSection(SolutionProperties) = preSolution
		HideSolutionNode = FALSE
	EndGlobalSection
	GlobalSection(ExtensibilityGlobals) = postSolution
		SolutionGuid = {CD5FF88F-EECE-46B3-9ADE-81D0769C94ED}
	EndGlobalSection
EndGlobal
