
Microsoft Visual Studio Solution File, Format Version 12.00
# Visual Studio 15
VisualStudioVersion = 15.0.26430.14
MinimumVisualStudioVersion = 10.0.40219.1
Project("{9A19103F-16F7-4668-BE54-9A1E7A4F7556}") = "Petabridge.Library", "Petabridge.Library.csproj", "{50B8A689-6193-4AF9-957B-D686CC484DA9}"
EndProject
Project("{9A19103F-16F7-4668-BE54-9A1E7A4F7556}") = "Petabridge.Library.Tests", "..\Petabridge.Library.Tests\Petabridge.Library.Tests.csproj", "{A2276C81-7D8D-459B-A853-071A919A4466}"
EndProject
Project("{FAE04EC0-301F-11D3-BF4B-00C04F79EFBC}") = "Petabridge.Library.Tests.Performance", "..\Petabridge.Library.Tests.Performance\Petabridge.Library.Tests.Performance.csproj", "{F8DC1ADC-1CDE-45D3-892C-455F5F3CB239}"
EndProject
Global
	GlobalSection(SolutionConfigurationPlatforms) = preSolution
		Debug|Any CPU = Debug|Any CPU
		Release|Any CPU = Release|Any CPU
	EndGlobalSection
	GlobalSection(ProjectConfigurationPlatforms) = postSolution
		{50B8A689-6193-4AF9-957B-D686CC484DA9}.Debug|Any CPU.ActiveCfg = Debug|Any CPU
		{50B8A689-6193-4AF9-957B-D686CC484DA9}.Debug|Any CPU.Build.0 = Debug|Any CPU
		{50B8A689-6193-4AF9-957B-D686CC484DA9}.Release|Any CPU.ActiveCfg = Release|Any CPU
		{50B8A689-6193-4AF9-957B-D686CC484DA9}.Release|Any CPU.Build.0 = Release|Any CPU
		{A2276C81-7D8D-459B-A853-071A919A4466}.Debug|Any CPU.ActiveCfg = Debug|Any CPU
		{A2276C81-7D8D-459B-A853-071A919A4466}.Debug|Any CPU.Build.0 = Debug|Any CPU
		{A2276C81-7D8D-459B-A853-071A919A4466}.Release|Any CPU.ActiveCfg = Release|Any CPU
		{A2276C81-7D8D-459B-A853-071A919A4466}.Release|Any CPU.Build.0 = Release|Any CPU
		{F8DC1ADC-1CDE-45D3-892C-455F5F3CB239}.Debug|Any CPU.ActiveCfg = Debug|Any CPU
		{F8DC1ADC-1CDE-45D3-892C-455F5F3CB239}.Debug|Any CPU.Build.0 = Debug|Any CPU
		{F8DC1ADC-1CDE-45D3-892C-455F5F3CB239}.Release|Any CPU.ActiveCfg = Release|Any CPU
		{F8DC1ADC-1CDE-45D3-892C-455F5F3CB239}.Release|Any CPU.Build.0 = Release|Any CPU
	EndGlobalSection
	GlobalSection(SolutionProperties) = preSolution
		HideSolutionNode = FALSE
	EndGlobalSection
EndGlobal
